{
    "version": 3,
    "terraform_version": "0.11.11",
    "serial": 1,
    "lineage": "eaadc1da-95a6-baea-0700-1a0aa6459b23",
    "modules": [
        {
            "path": [
                "root"
            ],
            "outputs": {},
            "resources": {
                "aws_internet_gateway.main": {
                    "type": "aws_internet_gateway",
                    "depends_on": [
                        "aws_vpc.current"
                    ],
                    "primary": {
                        "id": "igw-0aed051f5fa09ad57",
                        "attributes": {
                            "id": "igw-0aed051f5fa09ad57",
                            "owner_id": "993356857210",
                            "tags.%": "2",
                            "tags.Name": "gregonaws-spoke2-spoke-vpc-igw",
                            "tags.Organization": "gregonaws-spoke2",
                            "vpc_id": "vpc-0a8765694881017fc"
                        },
                        "meta": {},
                        "tainted": false
                    },
                    "deposed": [],
                    "provider": "provider.aws"
                },
                "aws_route_table.public": {
                    "type": "aws_route_table",
                    "depends_on": [
                        "aws_internet_gateway.main",
                        "aws_vpc.current"
                    ],
                    "primary": {
                        "id": "rtb-08e9c28a79fbc285f",
                        "attributes": {
                            "id": "rtb-08e9c28a79fbc285f",
                            "owner_id": "993356857210",
                            "propagating_vgws.#": "0",
                            "route.#": "1",
                            "route.2790857703.cidr_block": "0.0.0.0/0",
                            "route.2790857703.egress_only_gateway_id": "",
                            "route.2790857703.gateway_id": "igw-0aed051f5fa09ad57",
                            "route.2790857703.instance_id": "",
                            "route.2790857703.ipv6_cidr_block": "",
                            "route.2790857703.nat_gateway_id": "",
                            "route.2790857703.network_interface_id": "",
                            "route.2790857703.transit_gateway_id": "",
                            "route.2790857703.vpc_peering_connection_id": "",
                            "tags.%": "3",
                            "tags.Name": "public-rtb",
                            "tags.Organization": "gregonaws-spoke2",
                            "tags.Type": "public",
                            "vpc_id": "vpc-0a8765694881017fc"
                        },
                        "meta": {},
                        "tainted": false
                    },
                    "deposed": [],
                    "provider": "provider.aws"
                },
                "aws_route_table_association.public.0": {
                    "type": "aws_route_table_association",
                    "depends_on": [
                        "aws_route_table.public",
                        "aws_subnet.public.*",
                        "data.aws_availability_zones.available"
                    ],
                    "primary": {
                        "id": "rtbassoc-03bcdbef122c407f9",
                        "attributes": {
                            "id": "rtbassoc-03bcdbef122c407f9",
                            "route_table_id": "rtb-08e9c28a79fbc285f",
                            "subnet_id": "subnet-0aa182a2a6dd03eff"
                        },
                        "meta": {},
                        "tainted": false
                    },
                    "deposed": [],
                    "provider": "provider.aws"
                },
                "aws_route_table_association.public.1": {
                    "type": "aws_route_table_association",
                    "depends_on": [
                        "aws_route_table.public",
                        "aws_subnet.public.*",
                        "data.aws_availability_zones.available"
                    ],
                    "primary": {
                        "id": "rtbassoc-0e55cb7304ad1a96d",
                        "attributes": {
                            "id": "rtbassoc-0e55cb7304ad1a96d",
                            "route_table_id": "rtb-08e9c28a79fbc285f",
                            "subnet_id": "subnet-056a03c2d65561b30"
                        },
                        "meta": {},
                        "tainted": false
                    },
                    "deposed": [],
                    "provider": "provider.aws"
                },
                "aws_route_table_association.public.2": {
                    "type": "aws_route_table_association",
                    "depends_on": [
                        "aws_route_table.public",
                        "aws_subnet.public.*",
                        "data.aws_availability_zones.available"
                    ],
                    "primary": {
                        "id": "rtbassoc-02066e40c5eb6a9d4",
                        "attributes": {
                            "id": "rtbassoc-02066e40c5eb6a9d4",
                            "route_table_id": "rtb-08e9c28a79fbc285f",
                            "subnet_id": "subnet-00e7a88e5a79305d1"
                        },
                        "meta": {},
                        "tainted": false
                    },
                    "deposed": [],
                    "provider": "provider.aws"
                },
                "aws_subnet.public.0": {
                    "type": "aws_subnet",
                    "depends_on": [
                        "aws_vpc.current",
                        "data.aws_availability_zones.available"
                    ],
                    "primary": {
                        "id": "subnet-0aa182a2a6dd03eff",
                        "attributes": {
                            "arn": "arn:aws:ec2:us-east-2:993356857210:subnet/subnet-0aa182a2a6dd03eff",
                            "assign_ipv6_address_on_creation": "false",
                            "availability_zone": "us-east-2a",
                            "availability_zone_id": "use2-az1",
                            "cidr_block": "172.16.16.0/24",
                            "id": "subnet-0aa182a2a6dd03eff",
                            "ipv6_cidr_block": "",
                            "ipv6_cidr_block_association_id": "",
                            "map_public_ip_on_launch": "true",
                            "owner_id": "993356857210",
                            "tags.%": "3",
                            "tags.Name": "us-east-2a-public",
                            "tags.Organization": "gregonaws-spoke2",
                            "tags.Type": "public",
                            "vpc_id": "vpc-0a8765694881017fc"
                        },
                        "meta": {
                            "e2bfb730-ecaa-11e6-8f88-34363bc7c4c0": {
                                "create": 600000000000,
                                "delete": 600000000000
                            },
                            "schema_version": "1"
                        },
                        "tainted": false
                    },
                    "deposed": [],
                    "provider": "provider.aws"
                },
                "aws_subnet.public.1": {
                    "type": "aws_subnet",
                    "depends_on": [
                        "aws_vpc.current",
                        "data.aws_availability_zones.available"
                    ],
                    "primary": {
                        "id": "subnet-056a03c2d65561b30",
                        "attributes": {
                            "arn": "arn:aws:ec2:us-east-2:993356857210:subnet/subnet-056a03c2d65561b30",
                            "assign_ipv6_address_on_creation": "false",
                            "availability_zone": "us-east-2b",
                            "availability_zone_id": "use2-az2",
                            "cidr_block": "172.16.17.0/24",
                            "id": "subnet-056a03c2d65561b30",
                            "ipv6_cidr_block": "",
                            "ipv6_cidr_block_association_id": "",
                            "map_public_ip_on_launch": "true",
                            "owner_id": "993356857210",
                            "tags.%": "3",
                            "tags.Name": "us-east-2b-public",
                            "tags.Organization": "gregonaws-spoke2",
                            "tags.Type": "public",
                            "vpc_id": "vpc-0a8765694881017fc"
                        },
                        "meta": {
                            "e2bfb730-ecaa-11e6-8f88-34363bc7c4c0": {
                                "create": 600000000000,
                                "delete": 600000000000
                            },
                            "schema_version": "1"
                        },
                        "tainted": false
                    },
                    "deposed": [],
                    "provider": "provider.aws"
                },
                "aws_subnet.public.2": {
                    "type": "aws_subnet",
                    "depends_on": [
                        "aws_vpc.current",
                        "data.aws_availability_zones.available"
                    ],
                    "primary": {
                        "id": "subnet-00e7a88e5a79305d1",
                        "attributes": {
                            "arn": "arn:aws:ec2:us-east-2:993356857210:subnet/subnet-00e7a88e5a79305d1",
                            "assign_ipv6_address_on_creation": "false",
                            "availability_zone": "us-east-2c",
                            "availability_zone_id": "use2-az3",
                            "cidr_block": "172.16.18.0/24",
                            "id": "subnet-00e7a88e5a79305d1",
                            "ipv6_cidr_block": "",
                            "ipv6_cidr_block_association_id": "",
                            "map_public_ip_on_launch": "true",
                            "owner_id": "993356857210",
                            "tags.%": "3",
                            "tags.Name": "us-east-2c-public",
                            "tags.Organization": "gregonaws-spoke2",
                            "tags.Type": "public",
                            "vpc_id": "vpc-0a8765694881017fc"
                        },
                        "meta": {
                            "e2bfb730-ecaa-11e6-8f88-34363bc7c4c0": {
                                "create": 600000000000,
                                "delete": 600000000000
                            },
                            "schema_version": "1"
                        },
                        "tainted": false
                    },
                    "deposed": [],
                    "provider": "provider.aws"
                },
                "aws_vpc.current": {
                    "type": "aws_vpc",
                    "depends_on": [],
                    "primary": {
                        "id": "vpc-0a8765694881017fc",
                        "attributes": {
                            "arn": "arn:aws:ec2:us-east-2:993356857210:vpc/vpc-0a8765694881017fc",
                            "assign_generated_ipv6_cidr_block": "false",
                            "cidr_block": "172.16.16.0/20",
                            "default_network_acl_id": "acl-0f30dab53a3604085",
                            "default_route_table_id": "rtb-0ccb9acf3152d008c",
                            "default_security_group_id": "sg-017f4a5cbabd64a71",
                            "dhcp_options_id": "dopt-e83fa081",
                            "enable_dns_hostnames": "true",
                            "enable_dns_support": "true",
                            "id": "vpc-0a8765694881017fc",
                            "instance_tenancy": "default",
                            "ipv6_association_id": "",
                            "ipv6_cidr_block": "",
                            "main_route_table_id": "rtb-0ccb9acf3152d008c",
                            "owner_id": "993356857210",
                            "tags.%": "2",
                            "tags.Name": "gregonaws-spoke2-spoke-vpc-us-east-2-172.16.16.0-20",
                            "tags.Organization": "gregonaws-spoke2"
                        },
                        "meta": {
                            "schema_version": "1"
                        },
                        "tainted": false
                    },
                    "deposed": [],
                    "provider": "provider.aws"
                },
                "data.aws_availability_zones.available": {
                    "type": "aws_availability_zones",
                    "depends_on": [],
                    "primary": {
                        "id": "2019-05-10 04:14:34.967597 +0000 UTC",
                        "attributes": {
                            "id": "2019-05-10 04:14:34.967597 +0000 UTC",
                            "names.#": "3",
                            "names.0": "us-east-2a",
                            "names.1": "us-east-2b",
                            "names.2": "us-east-2c",
                            "zone_ids.#": "3",
                            "zone_ids.0": "use2-az1",
                            "zone_ids.1": "use2-az2",
                            "zone_ids.2": "use2-az3"
                        },
                        "meta": {},
                        "tainted": false
                    },
                    "deposed": [],
                    "provider": "provider.aws"
                },
                "data.aws_caller_identity.current": {
                    "type": "aws_caller_identity",
                    "depends_on": [],
                    "primary": {
                        "id": "2019-05-10 04:14:35.206937 +0000 UTC",
                        "attributes": {
                            "account_id": "993356857210",
                            "arn": "arn:aws:iam::993356857210:user/admin",
                            "id": "2019-05-10 04:14:35.206937 +0000 UTC",
                            "user_id": "AIDAJCFVE5USMGTWZZHKY"
                        },
                        "meta": {},
                        "tainted": false
                    },
                    "deposed": [],
                    "provider": "provider.aws"
                },
                "data.aws_region.current": {
                    "type": "aws_region",
                    "depends_on": [],
                    "primary": {
                        "id": "us-east-2",
                        "attributes": {
                            "description": "US East (Ohio)",
                            "endpoint": "ec2.us-east-2.amazonaws.com",
                            "id": "us-east-2",
                            "name": "us-east-2"
                        },
                        "meta": {},
                        "tainted": false
                    },
                    "deposed": [],
                    "provider": "provider.aws"
                }
            },
            "depends_on": []
        }
    ]
}
