{
    "version": 3,
    "terraform_version": "0.11.11",
    "serial": 1,
    "lineage": "b3c8a73e-1eb7-48ba-94f3-f9e51d6d5678",
    "modules": [
        {
            "path": [
                "root"
            ],
            "outputs": {},
            "resources": {
                "aws_internet_gateway.main": {
                    "type": "aws_internet_gateway",
                    "depends_on": [
                        "aws_vpc.current"
                    ],
                    "primary": {
                        "id": "igw-0ed9dd67a3701183c",
                        "attributes": {
                            "id": "igw-0ed9dd67a3701183c",
                            "owner_id": "993356857210",
                            "tags.%": "2",
                            "tags.Name": "gregonaws-spoke1-spoke-vpc-igw",
                            "tags.Organization": "gregonaws-spoke1",
                            "vpc_id": "vpc-05f26c5fdd2047358"
                        },
                        "meta": {},
                        "tainted": false
                    },
                    "deposed": [],
                    "provider": "provider.aws"
                },
                "aws_route_table.public": {
                    "type": "aws_route_table",
                    "depends_on": [
                        "aws_internet_gateway.main",
                        "aws_vpc.current"
                    ],
                    "primary": {
                        "id": "rtb-0e9fe826f0d608398",
                        "attributes": {
                            "id": "rtb-0e9fe826f0d608398",
                            "owner_id": "993356857210",
                            "propagating_vgws.#": "0",
                            "route.#": "1",
                            "route.2572063391.cidr_block": "0.0.0.0/0",
                            "route.2572063391.egress_only_gateway_id": "",
                            "route.2572063391.gateway_id": "igw-0ed9dd67a3701183c",
                            "route.2572063391.instance_id": "",
                            "route.2572063391.ipv6_cidr_block": "",
                            "route.2572063391.nat_gateway_id": "",
                            "route.2572063391.network_interface_id": "",
                            "route.2572063391.transit_gateway_id": "",
                            "route.2572063391.vpc_peering_connection_id": "",
                            "tags.%": "3",
                            "tags.Name": "public-rtb",
                            "tags.Organization": "gregonaws-spoke1",
                            "tags.Type": "public",
                            "vpc_id": "vpc-05f26c5fdd2047358"
                        },
                        "meta": {},
                        "tainted": false
                    },
                    "deposed": [],
                    "provider": "provider.aws"
                },
                "aws_route_table_association.public.0": {
                    "type": "aws_route_table_association",
                    "depends_on": [
                        "aws_route_table.public",
                        "aws_subnet.public.*",
                        "data.aws_availability_zones.available"
                    ],
                    "primary": {
                        "id": "rtbassoc-02e6025a61d606f0b",
                        "attributes": {
                            "id": "rtbassoc-02e6025a61d606f0b",
                            "route_table_id": "rtb-0e9fe826f0d608398",
                            "subnet_id": "subnet-0cddceaf5e97c63a4"
                        },
                        "meta": {},
                        "tainted": false
                    },
                    "deposed": [],
                    "provider": "provider.aws"
                },
                "aws_route_table_association.public.1": {
                    "type": "aws_route_table_association",
                    "depends_on": [
                        "aws_route_table.public",
                        "aws_subnet.public.*",
                        "data.aws_availability_zones.available"
                    ],
                    "primary": {
                        "id": "rtbassoc-0106087d3b1478dad",
                        "attributes": {
                            "id": "rtbassoc-0106087d3b1478dad",
                            "route_table_id": "rtb-0e9fe826f0d608398",
                            "subnet_id": "subnet-0d7fd4c5441dfd108"
                        },
                        "meta": {},
                        "tainted": false
                    },
                    "deposed": [],
                    "provider": "provider.aws"
                },
                "aws_route_table_association.public.2": {
                    "type": "aws_route_table_association",
                    "depends_on": [
                        "aws_route_table.public",
                        "aws_subnet.public.*",
                        "data.aws_availability_zones.available"
                    ],
                    "primary": {
                        "id": "rtbassoc-09d1d4dd84843e95f",
                        "attributes": {
                            "id": "rtbassoc-09d1d4dd84843e95f",
                            "route_table_id": "rtb-0e9fe826f0d608398",
                            "subnet_id": "subnet-047a323070811618c"
                        },
                        "meta": {},
                        "tainted": false
                    },
                    "deposed": [],
                    "provider": "provider.aws"
                },
                "aws_subnet.public.0": {
                    "type": "aws_subnet",
                    "depends_on": [
                        "aws_vpc.current",
                        "data.aws_availability_zones.available"
                    ],
                    "primary": {
                        "id": "subnet-0cddceaf5e97c63a4",
                        "attributes": {
                            "arn": "arn:aws:ec2:us-west-2:993356857210:subnet/subnet-0cddceaf5e97c63a4",
                            "assign_ipv6_address_on_creation": "false",
                            "availability_zone": "us-west-2a",
                            "availability_zone_id": "usw2-az1",
                            "cidr_block": "172.16.0.0/24",
                            "id": "subnet-0cddceaf5e97c63a4",
                            "ipv6_cidr_block": "",
                            "ipv6_cidr_block_association_id": "",
                            "map_public_ip_on_launch": "true",
                            "owner_id": "993356857210",
                            "tags.%": "3",
                            "tags.Name": "us-west-2a-public",
                            "tags.Organization": "gregonaws-spoke1",
                            "tags.Type": "public",
                            "vpc_id": "vpc-05f26c5fdd2047358"
                        },
                        "meta": {
                            "e2bfb730-ecaa-11e6-8f88-34363bc7c4c0": {
                                "create": 600000000000,
                                "delete": 600000000000
                            },
                            "schema_version": "1"
                        },
                        "tainted": false
                    },
                    "deposed": [],
                    "provider": "provider.aws"
                },
                "aws_subnet.public.1": {
                    "type": "aws_subnet",
                    "depends_on": [
                        "aws_vpc.current",
                        "data.aws_availability_zones.available"
                    ],
                    "primary": {
                        "id": "subnet-0d7fd4c5441dfd108",
                        "attributes": {
                            "arn": "arn:aws:ec2:us-west-2:993356857210:subnet/subnet-0d7fd4c5441dfd108",
                            "assign_ipv6_address_on_creation": "false",
                            "availability_zone": "us-west-2b",
                            "availability_zone_id": "usw2-az2",
                            "cidr_block": "172.16.1.0/24",
                            "id": "subnet-0d7fd4c5441dfd108",
                            "ipv6_cidr_block": "",
                            "ipv6_cidr_block_association_id": "",
                            "map_public_ip_on_launch": "true",
                            "owner_id": "993356857210",
                            "tags.%": "3",
                            "tags.Name": "us-west-2b-public",
                            "tags.Organization": "gregonaws-spoke1",
                            "tags.Type": "public",
                            "vpc_id": "vpc-05f26c5fdd2047358"
                        },
                        "meta": {
                            "e2bfb730-ecaa-11e6-8f88-34363bc7c4c0": {
                                "create": 600000000000,
                                "delete": 600000000000
                            },
                            "schema_version": "1"
                        },
                        "tainted": false
                    },
                    "deposed": [],
                    "provider": "provider.aws"
                },
                "aws_subnet.public.2": {
                    "type": "aws_subnet",
                    "depends_on": [
                        "aws_vpc.current",
                        "data.aws_availability_zones.available"
                    ],
                    "primary": {
                        "id": "subnet-047a323070811618c",
                        "attributes": {
                            "arn": "arn:aws:ec2:us-west-2:993356857210:subnet/subnet-047a323070811618c",
                            "assign_ipv6_address_on_creation": "false",
                            "availability_zone": "us-west-2c",
                            "availability_zone_id": "usw2-az3",
                            "cidr_block": "172.16.2.0/24",
                            "id": "subnet-047a323070811618c",
                            "ipv6_cidr_block": "",
                            "ipv6_cidr_block_association_id": "",
                            "map_public_ip_on_launch": "true",
                            "owner_id": "993356857210",
                            "tags.%": "3",
                            "tags.Name": "us-west-2c-public",
                            "tags.Organization": "gregonaws-spoke1",
                            "tags.Type": "public",
                            "vpc_id": "vpc-05f26c5fdd2047358"
                        },
                        "meta": {
                            "e2bfb730-ecaa-11e6-8f88-34363bc7c4c0": {
                                "create": 600000000000,
                                "delete": 600000000000
                            },
                            "schema_version": "1"
                        },
                        "tainted": false
                    },
                    "deposed": [],
                    "provider": "provider.aws"
                },
                "aws_vpc.current": {
                    "type": "aws_vpc",
                    "depends_on": [],
                    "primary": {
                        "id": "vpc-05f26c5fdd2047358",
                        "attributes": {
                            "arn": "arn:aws:ec2:us-west-2:993356857210:vpc/vpc-05f26c5fdd2047358",
                            "assign_generated_ipv6_cidr_block": "false",
                            "cidr_block": "172.16.0.0/20",
                            "default_network_acl_id": "acl-02bc3d8108c1d3f20",
                            "default_route_table_id": "rtb-06e8e69ce74c3eb08",
                            "default_security_group_id": "sg-01d8fafa9254ab64b",
                            "dhcp_options_id": "dopt-ef733796",
                            "enable_classiclink": "false",
                            "enable_classiclink_dns_support": "false",
                            "enable_dns_hostnames": "true",
                            "enable_dns_support": "true",
                            "id": "vpc-05f26c5fdd2047358",
                            "instance_tenancy": "default",
                            "ipv6_association_id": "",
                            "ipv6_cidr_block": "",
                            "main_route_table_id": "rtb-06e8e69ce74c3eb08",
                            "owner_id": "993356857210",
                            "tags.%": "2",
                            "tags.Name": "gregonaws-spoke1-spoke-vpc-us-west-2-172.16.0.0-20",
                            "tags.Organization": "gregonaws-spoke1"
                        },
                        "meta": {
                            "schema_version": "1"
                        },
                        "tainted": false
                    },
                    "deposed": [],
                    "provider": "provider.aws"
                },
                "data.aws_availability_zones.available": {
                    "type": "aws_availability_zones",
                    "depends_on": [],
                    "primary": {
                        "id": "2019-05-10 04:14:00.318067 +0000 UTC",
                        "attributes": {
                            "id": "2019-05-10 04:14:00.318067 +0000 UTC",
                            "names.#": "4",
                            "names.0": "us-west-2a",
                            "names.1": "us-west-2b",
                            "names.2": "us-west-2c",
                            "names.3": "us-west-2d",
                            "zone_ids.#": "4",
                            "zone_ids.0": "usw2-az1",
                            "zone_ids.1": "usw2-az2",
                            "zone_ids.2": "usw2-az3",
                            "zone_ids.3": "usw2-az4"
                        },
                        "meta": {},
                        "tainted": false
                    },
                    "deposed": [],
                    "provider": "provider.aws"
                },
                "data.aws_caller_identity.current": {
                    "type": "aws_caller_identity",
                    "depends_on": [],
                    "primary": {
                        "id": "2019-05-10 04:14:00.72113 +0000 UTC",
                        "attributes": {
                            "account_id": "993356857210",
                            "arn": "arn:aws:iam::993356857210:user/admin",
                            "id": "2019-05-10 04:14:00.72113 +0000 UTC",
                            "user_id": "AIDAJCFVE5USMGTWZZHKY"
                        },
                        "meta": {},
                        "tainted": false
                    },
                    "deposed": [],
                    "provider": "provider.aws"
                },
                "data.aws_region.current": {
                    "type": "aws_region",
                    "depends_on": [],
                    "primary": {
                        "id": "us-west-2",
                        "attributes": {
                            "description": "US West (Oregon)",
                            "endpoint": "ec2.us-west-2.amazonaws.com",
                            "id": "us-west-2",
                            "name": "us-west-2"
                        },
                        "meta": {},
                        "tainted": false
                    },
                    "deposed": [],
                    "provider": "provider.aws"
                }
            },
            "depends_on": []
        }
    ]
}
